// !$*UTF8*$!
{
	archiveVersion = 1;
	classes = {
	};
	objectVersion = 56;
	objects = {

/* Begin PBXBuildFile section */
		9B48DC102BC084BC0046AF7A /* justin_ios_clientApp.swift in Sources */ = {isa = PBXBuildFile; fileRef = 9B48DC0F2BC084BC0046AF7A /* justin_ios_clientApp.swift */; };
		9B48DC122BC084BC0046AF7A /* ContentView.swift in Sources */ = {isa = PBXBuildFile; fileRef = 9B48DC112BC084BC0046AF7A /* ContentView.swift */; };
		9B48DC142BC084BE0046AF7A /* Assets.xcassets in Resources */ = {isa = PBXBuildFile; fileRef = 9B48DC132BC084BE0046AF7A /* Assets.xcassets */; };
		9B48DC172BC084BE0046AF7A /* Preview Assets.xcassets in Resources */ = {isa = PBXBuildFile; fileRef = 9B48DC162BC084BE0046AF7A /* Preview Assets.xcassets */; };
		9B48DC212BC084BE0046AF7A /* justin_ios_clientTests.swift in Sources */ = {isa = PBXBuildFile; fileRef = 9B48DC202BC084BE0046AF7A /* justin_ios_clientTests.swift */; };
		9B48DC2B2BC084BE0046AF7A /* justin_ios_clientUITests.swift in Sources */ = {isa = PBXBuildFile; fileRef = 9B48DC2A2BC084BE0046AF7A /* justin_ios_clientUITests.swift */; };
		9B48DC2D2BC084BE0046AF7A /* justin_ios_clientUITestsLaunchTests.swift in Sources */ = {isa = PBXBuildFile; fileRef = 9B48DC2C2BC084BE0046AF7A /* justin_ios_clientUITestsLaunchTests.swift */; };
		9B48DC3A2BC08A550046AF7A /* ContentViewModel.swift in Sources */ = {isa = PBXBuildFile; fileRef = 9B48DC392BC08A550046AF7A /* ContentViewModel.swift */; };
		9B48DC492BC8D8B00046AF7A /* bathroom.mp3 in Resources */ = {isa = PBXBuildFile; fileRef = 9B48DC3B2BC8D8B00046AF7A /* bathroom.mp3 */; };
		9B48DC4A2BC8D8B00046AF7A /* different.mp3 in Resources */ = {isa = PBXBuildFile; fileRef = 9B48DC3C2BC8D8B00046AF7A /* different.mp3 */; };
		9B48DC4B2BC8D8B00046AF7A /* drink.mp3 in Resources */ = {isa = PBXBuildFile; fileRef = 9B48DC3D2BC8D8B00046AF7A /* drink.mp3 */; };
		9B48DC4C2BC8D8B00046AF7A /* eat.mp3 in Resources */ = {isa = PBXBuildFile; fileRef = 9B48DC3E2BC8D8B00046AF7A /* eat.mp3 */; };
		9B48DC4D2BC8D8B00046AF7A /* fix.mp3 in Resources */ = {isa = PBXBuildFile; fileRef = 9B48DC3F2BC8D8B00046AF7A /* fix.mp3 */; };
		9B48DC4E2BC8D8B00046AF7A /* go.mp3 in Resources */ = {isa = PBXBuildFile; fileRef = 9B48DC402BC8D8B00046AF7A /* go.mp3 */; };
		9B48DC4F2BC8D8B00046AF7A /* mat.mp3 in Resources */ = {isa = PBXBuildFile; fileRef = 9B48DC412BC8D8B00046AF7A /* mat.mp3 */; };
		9B48DC502BC8D8B00046AF7A /* music.mp3 in Resources */ = {isa = PBXBuildFile; fileRef = 9B48DC422BC8D8B00046AF7A /* music.mp3 */; };
		9B48DC512BC8D8B00046AF7A /* off.mp3 in Resources */ = {isa = PBXBuildFile; fileRef = 9B48DC432BC8D8B00046AF7A /* off.mp3 */; };
		9B48DC522BC8D8B00046AF7A /* on.mp3 in Resources */ = {isa = PBXBuildFile; fileRef = 9B48DC442BC8D8B00046AF7A /* on.mp3 */; };
		9B48DC532BC8D8B00046AF7A /* stop.mp3 in Resources */ = {isa = PBXBuildFile; fileRef = 9B48DC452BC8D8B00046AF7A /* stop.mp3 */; };
		9B48DC542BC8D8B00046AF7A /* toy.mp3 in Resources */ = {isa = PBXBuildFile; fileRef = 9B48DC462BC8D8B00046AF7A /* toy.mp3 */; };
		9B48DC552BC8D8B00046AF7A /* walk.mp3 in Resources */ = {isa = PBXBuildFile; fileRef = 9B48DC472BC8D8B00046AF7A /* walk.mp3 */; };
/* End PBXBuildFile section */

/* Begin PBXContainerItemProxy section */
		9B48DC1D2BC084BE0046AF7A /* PBXContainerItemProxy */ = {
			isa = PBXContainerItemProxy;
			containerPortal = 9B48DC042BC084BC0046AF7A /* Project object */;
			proxyType = 1;
			remoteGlobalIDString = 9B48DC0B2BC084BC0046AF7A;
			remoteInfo = "justin-ios-client";
		};
		9B48DC272BC084BE0046AF7A /* PBXContainerItemProxy */ = {
			isa = PBXContainerItemProxy;
			containerPortal = 9B48DC042BC084BC0046AF7A /* Project object */;
			proxyType = 1;
			remoteGlobalIDString = 9B48DC0B2BC084BC0046AF7A;
			remoteInfo = "justin-ios-client";
		};
/* End PBXContainerItemProxy section */

/* Begin PBXFileReference section */
		9B48DC0C2BC084BC0046AF7A /* justin-ios-client.app */ = {isa = PBXFileReference; explicitFileType = wrapper.application; includeInIndex = 0; path = "justin-ios-client.app"; sourceTree = BUILT_PRODUCTS_DIR; };
		9B48DC0F2BC084BC0046AF7A /* justin_ios_clientApp.swift */ = {isa = PBXFileReference; lastKnownFileType = sourcecode.swift; path = justin_ios_clientApp.swift; sourceTree = "<group>"; };
		9B48DC112BC084BC0046AF7A /* ContentView.swift */ = {isa = PBXFileReference; lastKnownFileType = sourcecode.swift; path = ContentView.swift; sourceTree = "<group>"; };
		9B48DC132BC084BE0046AF7A /* Assets.xcassets */ = {isa = PBXFileReference; lastKnownFileType = folder.assetcatalog; path = Assets.xcassets; sourceTree = "<group>"; };
		9B48DC162BC084BE0046AF7A /* Preview Assets.xcassets */ = {isa = PBXFileReference; lastKnownFileType = folder.assetcatalog; path = "Preview Assets.xcassets"; sourceTree = "<group>"; };
		9B48DC1C2BC084BE0046AF7A /* justin-ios-clientTests.xctest */ = {isa = PBXFileReference; explicitFileType = wrapper.cfbundle; includeInIndex = 0; path = "justin-ios-clientTests.xctest"; sourceTree = BUILT_PRODUCTS_DIR; };
		9B48DC202BC084BE0046AF7A /* justin_ios_clientTests.swift */ = {isa = PBXFileReference; lastKnownFileType = sourcecode.swift; path = justin_ios_clientTests.swift; sourceTree = "<group>"; };
		9B48DC262BC084BE0046AF7A /* justin-ios-clientUITests.xctest */ = {isa = PBXFileReference; explicitFileType = wrapper.cfbundle; includeInIndex = 0; path = "justin-ios-clientUITests.xctest"; sourceTree = BUILT_PRODUCTS_DIR; };
		9B48DC2A2BC084BE0046AF7A /* justin_ios_clientUITests.swift */ = {isa = PBXFileReference; lastKnownFileType = sourcecode.swift; path = justin_ios_clientUITests.swift; sourceTree = "<group>"; };
		9B48DC2C2BC084BE0046AF7A /* justin_ios_clientUITestsLaunchTests.swift */ = {isa = PBXFileReference; lastKnownFileType = sourcecode.swift; path = justin_ios_clientUITestsLaunchTests.swift; sourceTree = "<group>"; };
		9B48DC392BC08A550046AF7A /* ContentViewModel.swift */ = {isa = PBXFileReference; fileEncoding = 4; lastKnownFileType = sourcecode.swift; path = ContentViewModel.swift; sourceTree = "<group>"; };
		9B48DC3B2BC8D8B00046AF7A /* bathroom.mp3 */ = {isa = PBXFileReference; lastKnownFileType = audio.mp3; path = bathroom.mp3; sourceTree = "<group>"; };
		9B48DC3C2BC8D8B00046AF7A /* different.mp3 */ = {isa = PBXFileReference; lastKnownFileType = audio.mp3; path = different.mp3; sourceTree = "<group>"; };
		9B48DC3D2BC8D8B00046AF7A /* drink.mp3 */ = {isa = PBXFileReference; lastKnownFileType = audio.mp3; path = drink.mp3; sourceTree = "<group>"; };
		9B48DC3E2BC8D8B00046AF7A /* eat.mp3 */ = {isa = PBXFileReference; lastKnownFileType = audio.mp3; path = eat.mp3; sourceTree = "<group>"; };
		9B48DC3F2BC8D8B00046AF7A /* fix.mp3 */ = {isa = PBXFileReference; lastKnownFileType = audio.mp3; path = fix.mp3; sourceTree = "<group>"; };
		9B48DC402BC8D8B00046AF7A /* go.mp3 */ = {isa = PBXFileReference; lastKnownFileType = audio.mp3; path = go.mp3; sourceTree = "<group>"; };
		9B48DC412BC8D8B00046AF7A /* mat.mp3 */ = {isa = PBXFileReference; lastKnownFileType = audio.mp3; path = mat.mp3; sourceTree = "<group>"; };
		9B48DC422BC8D8B00046AF7A /* music.mp3 */ = {isa = PBXFileReference; lastKnownFileType = audio.mp3; path = music.mp3; sourceTree = "<group>"; };
		9B48DC432BC8D8B00046AF7A /* off.mp3 */ = {isa = PBXFileReference; lastKnownFileType = audio.mp3; path = off.mp3; sourceTree = "<group>"; };
		9B48DC442BC8D8B00046AF7A /* on.mp3 */ = {isa = PBXFileReference; lastKnownFileType = audio.mp3; path = on.mp3; sourceTree = "<group>"; };
		9B48DC452BC8D8B00046AF7A /* stop.mp3 */ = {isa = PBXFileReference; lastKnownFileType = audio.mp3; path = stop.mp3; sourceTree = "<group>"; };
		9B48DC462BC8D8B00046AF7A /* toy.mp3 */ = {isa = PBXFileReference; lastKnownFileType = audio.mp3; path = toy.mp3; sourceTree = "<group>"; };
		9B48DC472BC8D8B00046AF7A /* walk.mp3 */ = {isa = PBXFileReference; lastKnownFileType = audio.mp3; path = walk.mp3; sourceTree = "<group>"; };
/* End PBXFileReference section */

/* Begin PBXFrameworksBuildPhase section */
		9B48DC092BC084BC0046AF7A /* Frameworks */ = {
			isa = PBXFrameworksBuildPhase;
			buildActionMask = 2147483647;
			files = (
			);
			runOnlyForDeploymentPostprocessing = 0;
		};
		9B48DC192BC084BE0046AF7A /* Frameworks */ = {
			isa = PBXFrameworksBuildPhase;
			buildActionMask = 2147483647;
			files = (
			);
			runOnlyForDeploymentPostprocessing = 0;
		};
		9B48DC232BC084BE0046AF7A /* Frameworks */ = {
			isa = PBXFrameworksBuildPhase;
			buildActionMask = 2147483647;
			files = (
			);
			runOnlyForDeploymentPostprocessing = 0;
		};
/* End PBXFrameworksBuildPhase section */

/* Begin PBXGroup section */
		9B48DC032BC084BC0046AF7A = {
			isa = PBXGroup;
			children = (
				9B48DC0E2BC084BC0046AF7A /* justin-ios-client */,
				9B48DC1F2BC084BE0046AF7A /* justin-ios-clientTests */,
				9B48DC292BC084BE0046AF7A /* justin-ios-clientUITests */,
				9B48DC0D2BC084BC0046AF7A /* Products */,
			);
			sourceTree = "<group>";
		};
		9B48DC0D2BC084BC0046AF7A /* Products */ = {
			isa = PBXGroup;
			children = (
				9B48DC0C2BC084BC0046AF7A /* justin-ios-client.app */,
				9B48DC1C2BC084BE0046AF7A /* justin-ios-clientTests.xctest */,
				9B48DC262BC084BE0046AF7A /* justin-ios-clientUITests.xctest */,
			);
			name = Products;
			sourceTree = "<group>";
		};
		9B48DC0E2BC084BC0046AF7A /* justin-ios-client */ = {
			isa = PBXGroup;
			children = (
				9B48DC482BC8D8B00046AF7A /* sound */,
				9B48DC392BC08A550046AF7A /* ContentViewModel.swift */,
				9B48DC0F2BC084BC0046AF7A /* justin_ios_clientApp.swift */,
				9B48DC112BC084BC0046AF7A /* ContentView.swift */,
				9B48DC132BC084BE0046AF7A /* Assets.xcassets */,
				9B48DC152BC084BE0046AF7A /* Preview Content */,
			);
			path = "justin-ios-client";
			sourceTree = "<group>";
		};
		9B48DC152BC084BE0046AF7A /* Preview Content */ = {
			isa = PBXGroup;
			children = (
				9B48DC162BC084BE0046AF7A /* Preview Assets.xcassets */,
			);
			path = "Preview Content";
			sourceTree = "<group>";
		};
		9B48DC1F2BC084BE0046AF7A /* justin-ios-clientTests */ = {
			isa = PBXGroup;
			children = (
				9B48DC202BC084BE0046AF7A /* justin_ios_clientTests.swift */,
			);
			path = "justin-ios-clientTests";
			sourceTree = "<group>";
		};
		9B48DC292BC084BE0046AF7A /* justin-ios-clientUITests */ = {
			isa = PBXGroup;
			children = (
				9B48DC2A2BC084BE0046AF7A /* justin_ios_clientUITests.swift */,
				9B48DC2C2BC084BE0046AF7A /* justin_ios_clientUITestsLaunchTests.swift */,
			);
			path = "justin-ios-clientUITests";
			sourceTree = "<group>";
		};
		9B48DC482BC8D8B00046AF7A /* sound */ = {
			isa = PBXGroup;
			children = (
				9B48DC3B2BC8D8B00046AF7A /* bathroom.mp3 */,
				9B48DC3C2BC8D8B00046AF7A /* different.mp3 */,
				9B48DC3D2BC8D8B00046AF7A /* drink.mp3 */,
				9B48DC3E2BC8D8B00046AF7A /* eat.mp3 */,
				9B48DC3F2BC8D8B00046AF7A /* fix.mp3 */,
				9B48DC402BC8D8B00046AF7A /* go.mp3 */,
				9B48DC412BC8D8B00046AF7A /* mat.mp3 */,
				9B48DC422BC8D8B00046AF7A /* music.mp3 */,
				9B48DC432BC8D8B00046AF7A /* off.mp3 */,
				9B48DC442BC8D8B00046AF7A /* on.mp3 */,
				9B48DC452BC8D8B00046AF7A /* stop.mp3 */,
				9B48DC462BC8D8B00046AF7A /* toy.mp3 */,
				9B48DC472BC8D8B00046AF7A /* walk.mp3 */,
			);
			path = sound;
			sourceTree = "<group>";
		};
/* End PBXGroup section */

/* Begin PBXNativeTarget section */
		9B48DC0B2BC084BC0046AF7A /* justin-ios-client */ = {
			isa = PBXNativeTarget;
			buildConfigurationList = 9B48DC302BC084BE0046AF7A /* Build configuration list for PBXNativeTarget "justin-ios-client" */;
			buildPhases = (
				9B48DC082BC084BC0046AF7A /* Sources */,
				9B48DC092BC084BC0046AF7A /* Frameworks */,
				9B48DC0A2BC084BC0046AF7A /* Resources */,
			);
			buildRules = (
			);
			dependencies = (
			);
			name = "justin-ios-client";
			productName = "justin-ios-client";
			productReference = 9B48DC0C2BC084BC0046AF7A /* justin-ios-client.app */;
			productType = "com.apple.product-type.application";
		};
		9B48DC1B2BC084BE0046AF7A /* justin-ios-clientTests */ = {
			isa = PBXNativeTarget;
			buildConfigurationList = 9B48DC332BC084BE0046AF7A /* Build configuration list for PBXNativeTarget "justin-ios-clientTests" */;
			buildPhases = (
				9B48DC182BC084BE0046AF7A /* Sources */,
				9B48DC192BC084BE0046AF7A /* Frameworks */,
				9B48DC1A2BC084BE0046AF7A /* Resources */,
			);
			buildRules = (
			);
			dependencies = (
				9B48DC1E2BC084BE0046AF7A /* PBXTargetDependency */,
			);
			name = "justin-ios-clientTests";
			productName = "justin-ios-clientTests";
			productReference = 9B48DC1C2BC084BE0046AF7A /* justin-ios-clientTests.xctest */;
			productType = "com.apple.product-type.bundle.unit-test";
		};
		9B48DC252BC084BE0046AF7A /* justin-ios-clientUITests */ = {
			isa = PBXNativeTarget;
			buildConfigurationList = 9B48DC362BC084BE0046AF7A /* Build configuration list for PBXNativeTarget "justin-ios-clientUITests" */;
			buildPhases = (
				9B48DC222BC084BE0046AF7A /* Sources */,
				9B48DC232BC084BE0046AF7A /* Frameworks */,
				9B48DC242BC084BE0046AF7A /* Resources */,
			);
			buildRules = (
			);
			dependencies = (
				9B48DC282BC084BE0046AF7A /* PBXTargetDependency */,
			);
			name = "justin-ios-clientUITests";
			productName = "justin-ios-clientUITests";
			productReference = 9B48DC262BC084BE0046AF7A /* justin-ios-clientUITests.xctest */;
			productType = "com.apple.product-type.bundle.ui-testing";
		};
/* End PBXNativeTarget section */

/* Begin PBXProject section */
		9B48DC042BC084BC0046AF7A /* Project object */ = {
			isa = PBXProject;
			attributes = {
				BuildIndependentTargetsInParallel = 1;
				LastSwiftUpdateCheck = 1530;
				LastUpgradeCheck = 1530;
				TargetAttributes = {
					9B48DC0B2BC084BC0046AF7A = {
						CreatedOnToolsVersion = 15.3;
					};
					9B48DC1B2BC084BE0046AF7A = {
						CreatedOnToolsVersion = 15.3;
						TestTargetID = 9B48DC0B2BC084BC0046AF7A;
					};
					9B48DC252BC084BE0046AF7A = {
						CreatedOnToolsVersion = 15.3;
						TestTargetID = 9B48DC0B2BC084BC0046AF7A;
					};
				};
			};
			buildConfigurationList = 9B48DC072BC084BC0046AF7A /* Build configuration list for PBXProject "justin-ios-client" */;
			compatibilityVersion = "Xcode 14.0";
			developmentRegion = en;
			hasScannedForEncodings = 0;
			knownRegions = (
				en,
				Base,
			);
			mainGroup = 9B48DC032BC084BC0046AF7A;
			productRefGroup = 9B48DC0D2BC084BC0046AF7A /* Products */;
			projectDirPath = "";
			projectRoot = "";
			targets = (
				9B48DC0B2BC084BC0046AF7A /* justin-ios-client */,
				9B48DC1B2BC084BE0046AF7A /* justin-ios-clientTests */,
				9B48DC252BC084BE0046AF7A /* justin-ios-clientUITests */,
			);
		};
/* End PBXProject section */

/* Begin PBXResourcesBuildPhase section */
		9B48DC0A2BC084BC0046AF7A /* Resources */ = {
			isa = PBXResourcesBuildPhase;
			buildActionMask = 2147483647;
			files = (
				9B48DC502BC8D8B00046AF7A /* music.mp3 in Resources */,
				9B48DC542BC8D8B00046AF7A /* toy.mp3 in Resources */,
				9B48DC492BC8D8B00046AF7A /* bathroom.mp3 in Resources */,
				9B48DC512BC8D8B00046AF7A /* off.mp3 in Resources */,
				9B48DC172BC084BE0046AF7A /* Preview Assets.xcassets in Resources */,
				9B48DC4E2BC8D8B00046AF7A /* go.mp3 in Resources */,
				9B48DC532BC8D8B00046AF7A /* stop.mp3 in Resources */,
				9B48DC522BC8D8B00046AF7A /* on.mp3 in Resources */,
				9B48DC4F2BC8D8B00046AF7A /* mat.mp3 in Resources */,
				9B48DC4A2BC8D8B00046AF7A /* different.mp3 in Resources */,
				9B48DC4C2BC8D8B00046AF7A /* eat.mp3 in Resources */,
				9B48DC552BC8D8B00046AF7A /* walk.mp3 in Resources */,
				9B48DC4D2BC8D8B00046AF7A /* fix.mp3 in Resources */,
				9B48DC4B2BC8D8B00046AF7A /* drink.mp3 in Resources */,
				9B48DC142BC084BE0046AF7A /* Assets.xcassets in Resources */,
			);
			runOnlyForDeploymentPostprocessing = 0;
		};
		9B48DC1A2BC084BE0046AF7A /* Resources */ = {
			isa = PBXResourcesBuildPhase;
			buildActionMask = 2147483647;
			files = (
			);
			runOnlyForDeploymentPostprocessing = 0;
		};
		9B48DC242BC084BE0046AF7A /* Resources */ = {
			isa = PBXResourcesBuildPhase;
			buildActionMask = 2147483647;
			files = (
			);
			runOnlyForDeploymentPostprocessing = 0;
		};
/* End PBXResourcesBuildPhase section */

/* Begin PBXSourcesBuildPhase section */
		9B48DC082BC084BC0046AF7A /* Sources */ = {
			isa = PBXSourcesBuildPhase;
			buildActionMask = 2147483647;
			files = (
				9B48DC122BC084BC0046AF7A /* ContentView.swift in Sources */,
				9B48DC102BC084BC0046AF7A /* justin_ios_clientApp.swift in Sources */,
				9B48DC3A2BC08A550046AF7A /* ContentViewModel.swift in Sources */,
			);
			runOnlyForDeploymentPostprocessing = 0;
		};
		9B48DC182BC084BE0046AF7A /* Sources */ = {
			isa = PBXSourcesBuildPhase;
			buildActionMask = 2147483647;
			files = (
				9B48DC212BC084BE0046AF7A /* justin_ios_clientTests.swift in Sources */,
			);
			runOnlyForDeploymentPostprocessing = 0;
		};
		9B48DC222BC084BE0046AF7A /* Sources */ = {
			isa = PBXSourcesBuildPhase;
			buildActionMask = 2147483647;
			files = (
				9B48DC2D2BC084BE0046AF7A /* justin_ios_clientUITestsLaunchTests.swift in Sources */,
				9B48DC2B2BC084BE0046AF7A /* justin_ios_clientUITests.swift in Sources */,
			);
			runOnlyForDeploymentPostprocessing = 0;
		};
/* End PBXSourcesBuildPhase section */

/* Begin PBXTargetDependency section */
		9B48DC1E2BC084BE0046AF7A /* PBXTargetDependency */ = {
			isa = PBXTargetDependency;
			target = 9B48DC0B2BC084BC0046AF7A /* justin-ios-client */;
			targetProxy = 9B48DC1D2BC084BE0046AF7A /* PBXContainerItemProxy */;
		};
		9B48DC282BC084BE0046AF7A /* PBXTargetDependency */ = {
			isa = PBXTargetDependency;
			target = 9B48DC0B2BC084BC0046AF7A /* justin-ios-client */;
			targetProxy = 9B48DC272BC084BE0046AF7A /* PBXContainerItemProxy */;
		};
/* End PBXTargetDependency section */

/* Begin XCBuildConfiguration section */
		9B48DC2E2BC084BE0046AF7A /* Debug */ = {
			isa = XCBuildConfiguration;
			buildSettings = {
				ALWAYS_SEARCH_USER_PATHS = NO;
				ASSETCATALOG_COMPILER_GENERATE_SWIFT_ASSET_SYMBOL_EXTENSIONS = YES;
				CLANG_ANALYZER_NONNULL = YES;
				CLANG_ANALYZER_NUMBER_OBJECT_CONVERSION = YES_AGGRESSIVE;
				CLANG_CXX_LANGUAGE_STANDARD = "gnu++20";
				CLANG_ENABLE_MODULES = YES;
				CLANG_ENABLE_OBJC_ARC = YES;
				CLANG_ENABLE_OBJC_WEAK = YES;
				CLANG_WARN_BLOCK_CAPTURE_AUTORELEASING = YES;
				CLANG_WARN_BOOL_CONVERSION = YES;
				CLANG_WARN_COMMA = YES;
				CLANG_WARN_CONSTANT_CONVERSION = YES;
				CLANG_WARN_DEPRECATED_OBJC_IMPLEMENTATIONS = YES;
				CLANG_WARN_DIRECT_OBJC_ISA_USAGE = YES_ERROR;
				CLANG_WARN_DOCUMENTATION_COMMENTS = YES;
				CLANG_WARN_EMPTY_BODY = YES;
				CLANG_WARN_ENUM_CONVERSION = YES;
				CLANG_WARN_INFINITE_RECURSION = YES;
				CLANG_WARN_INT_CONVERSION = YES;
				CLANG_WARN_NON_LITERAL_NULL_CONVERSION = YES;
				CLANG_WARN_OBJC_IMPLICIT_RETAIN_SELF = YES;
				CLANG_WARN_OBJC_LITERAL_CONVERSION = YES;
				CLANG_WARN_OBJC_ROOT_CLASS = YES_ERROR;
				CLANG_WARN_QUOTED_INCLUDE_IN_FRAMEWORK_HEADER = YES;
				CLANG_WARN_RANGE_LOOP_ANALYSIS = YES;
				CLANG_WARN_STRICT_PROTOTYPES = YES;
				CLANG_WARN_SUSPICIOUS_MOVE = YES;
				CLANG_WARN_UNGUARDED_AVAILABILITY = YES_AGGRESSIVE;
				CLANG_WARN_UNREACHABLE_CODE = YES;
				CLANG_WARN__DUPLICATE_METHOD_MATCH = YES;
				COPY_PHASE_STRIP = NO;
				DEBUG_INFORMATION_FORMAT = dwarf;
				ENABLE_STRICT_OBJC_MSGSEND = YES;
				ENABLE_TESTABILITY = YES;
				ENABLE_USER_SCRIPT_SANDBOXING = YES;
				GCC_C_LANGUAGE_STANDARD = gnu17;
				GCC_DYNAMIC_NO_PIC = NO;
				GCC_NO_COMMON_BLOCKS = YES;
				GCC_OPTIMIZATION_LEVEL = 0;
				GCC_PREPROCESSOR_DEFINITIONS = (
					"DEBUG=1",
					"$(inherited)",
				);
				GCC_WARN_64_TO_32_BIT_CONVERSION = YES;
				GCC_WARN_ABOUT_RETURN_TYPE = YES_ERROR;
				GCC_WARN_UNDECLARED_SELECTOR = YES;
				GCC_WARN_UNINITIALIZED_AUTOS = YES_AGGRESSIVE;
				GCC_WARN_UNUSED_FUNCTION = YES;
				GCC_WARN_UNUSED_VARIABLE = YES;
				IPHONEOS_DEPLOYMENT_TARGET = 17.4;
				LOCALIZATION_PREFERS_STRING_CATALOGS = YES;
				MTL_ENABLE_DEBUG_INFO = INCLUDE_SOURCE;
				MTL_FAST_MATH = YES;
				ONLY_ACTIVE_ARCH = YES;
				SDKROOT = iphoneos;
				SWIFT_ACTIVE_COMPILATION_CONDITIONS = "DEBUG $(inherited)";
				SWIFT_OPTIMIZATION_LEVEL = "-Onone";
			};
			name = Debug;
		};
		9B48DC2F2BC084BE0046AF7A /* Release */ = {
			isa = XCBuildConfiguration;
			buildSettings = {
				ALWAYS_SEARCH_USER_PATHS = NO;
				ASSETCATALOG_COMPILER_GENERATE_SWIFT_ASSET_SYMBOL_EXTENSIONS = YES;
				CLANG_ANALYZER_NONNULL = YES;
				CLANG_ANALYZER_NUMBER_OBJECT_CONVERSION = YES_AGGRESSIVE;
				CLANG_CXX_LANGUAGE_STANDARD = "gnu++20";
				CLANG_ENABLE_MODULES = YES;
				CLANG_ENABLE_OBJC_ARC = YES;
				CLANG_ENABLE_OBJC_WEAK = YES;
				CLANG_WARN_BLOCK_CAPTURE_AUTORELEASING = YES;
				CLANG_WARN_BOOL_CONVERSION = YES;
				CLANG_WARN_COMMA = YES;
				CLANG_WARN_CONSTANT_CONVERSION = YES;
				CLANG_WARN_DEPRECATED_OBJC_IMPLEMENTATIONS = YES;
				CLANG_WARN_DIRECT_OBJC_ISA_USAGE = YES_ERROR;
				CLANG_WARN_DOCUMENTATION_COMMENTS = YES;
				CLANG_WARN_EMPTY_BODY = YES;
				CLANG_WARN_ENUM_CONVERSION = YES;
				CLANG_WARN_INFINITE_RECURSION = YES;
				CLANG_WARN_INT_CONVERSION = YES;
				CLANG_WARN_NON_LITERAL_NULL_CONVERSION = YES;
				CLANG_WARN_OBJC_IMPLICIT_RETAIN_SELF = YES;
				CLANG_WARN_OBJC_LITERAL_CONVERSION = YES;
				CLANG_WARN_OBJC_ROOT_CLASS = YES_ERROR;
				CLANG_WARN_QUOTED_INCLUDE_IN_FRAMEWORK_HEADER = YES;
				CLANG_WARN_RANGE_LOOP_ANALYSIS = YES;
				CLANG_WARN_STRICT_PROTOTYPES = YES;
				CLANG_WARN_SUSPICIOUS_MOVE = YES;
				CLANG_WARN_UNGUARDED_AVAILABILITY = YES_AGGRESSIVE;
				CLANG_WARN_UNREACHABLE_CODE = YES;
				CLANG_WARN__DUPLICATE_METHOD_MATCH = YES;
				COPY_PHASE_STRIP = NO;
				DEBUG_INFORMATION_FORMAT = "dwarf-with-dsym";
				ENABLE_NS_ASSERTIONS = NO;
				ENABLE_STRICT_OBJC_MSGSEND = YES;
				ENABLE_USER_SCRIPT_SANDBOXING = YES;
				GCC_C_LANGUAGE_STANDARD = gnu17;
				GCC_NO_COMMON_BLOCKS = YES;
				GCC_WARN_64_TO_32_BIT_CONVERSION = YES;
				GCC_WARN_ABOUT_RETURN_TYPE = YES_ERROR;
				GCC_WARN_UNDECLARED_SELECTOR = YES;
				GCC_WARN_UNINITIALIZED_AUTOS = YES_AGGRESSIVE;
				GCC_WARN_UNUSED_FUNCTION = YES;
				GCC_WARN_UNUSED_VARIABLE = YES;
				IPHONEOS_DEPLOYMENT_TARGET = 17.4;
				LOCALIZATION_PREFERS_STRING_CATALOGS = YES;
				MTL_ENABLE_DEBUG_INFO = NO;
				MTL_FAST_MATH = YES;
				SDKROOT = iphoneos;
				SWIFT_COMPILATION_MODE = wholemodule;
				VALIDATE_PRODUCT = YES;
			};
			name = Release;
		};
		9B48DC312BC084BE0046AF7A /* Debug */ = {
			isa = XCBuildConfiguration;
			buildSettings = {
				ASSETCATALOG_COMPILER_APPICON_NAME = AppIcon;
				ASSETCATALOG_COMPILER_GLOBAL_ACCENT_COLOR_NAME = AccentColor;
				CODE_SIGN_STYLE = Automatic;
				CURRENT_PROJECT_VERSION = 1;
				DEVELOPMENT_ASSET_PATHS = "\"justin-ios-client/Preview Content\"";
				DEVELOPMENT_TEAM = J5JUZGK27U;
				ENABLE_PREVIEWS = YES;
				GENERATE_INFOPLIST_FILE = YES;
				INFOPLIST_KEY_UIApplicationSceneManifest_Generation = YES;
				INFOPLIST_KEY_UIApplicationSupportsIndirectInputEvents = YES;
				INFOPLIST_KEY_UILaunchScreen_Generation = YES;
				INFOPLIST_KEY_UISupportedInterfaceOrientations_iPad = UIInterfaceOrientationLandscapeLeft;
				LD_RUNPATH_SEARCH_PATHS = (
					"$(inherited)",
					"@executable_path/Frameworks",
				);
				MARKETING_VERSION = 1.0;
				PRODUCT_BUNDLE_IDENTIFIER = "com.raynic.justin.justin-ios-client";
				PRODUCT_NAME = "$(TARGET_NAME)";
				SWIFT_EMIT_LOC_STRINGS = YES;
				SWIFT_VERSION = 5.0;
				TARGETED_DEVICE_FAMILY = 2;
			};
			name = Debug;
		};
		9B48DC322BC084BE0046AF7A /* Release */ = {
			isa = XCBuildConfiguration;
			buildSettings = {
				ASSETCATALOG_COMPILER_APPICON_NAME = AppIcon;
				ASSETCATALOG_COMPILER_GLOBAL_ACCENT_COLOR_NAME = AccentColor;
				CODE_SIGN_STYLE = Automatic;
				CURRENT_PROJECT_VERSION = 1;
				DEVELOPMENT_ASSET_PATHS = "\"justin-ios-client/Preview Content\"";
				DEVELOPMENT_TEAM = J5JUZGK27U;
				ENABLE_PREVIEWS = YES;
				GENERATE_INFOPLIST_FILE = YES;
				INFOPLIST_KEY_UIApplicationSceneManifest_Generation = YES;
				INFOPLIST_KEY_UIApplicationSupportsIndirectInputEvents = YES;
				INFOPLIST_KEY_UILaunchScreen_Generation = YES;
				INFOPLIST_KEY_UISupportedInterfaceOrientations_iPad = UIInterfaceOrientationLandscapeLeft;
				LD_RUNPATH_SEARCH_PATHS = (
					"$(inherited)",
					"@executable_path/Frameworks",
				);
				MARKETING_VERSION = 1.0;
				PRODUCT_BUNDLE_IDENTIFIER = "com.raynic.justin.justin-ios-client";
				PRODUCT_NAME = "$(TARGET_NAME)";
				SWIFT_EMIT_LOC_STRINGS = YES;
				SWIFT_VERSION = 5.0;
				TARGETED_DEVICE_FAMILY = 2;
			};
			name = Release;
		};
		9B48DC342BC084BE0046AF7A /* Debug */ = {
			isa = XCBuildConfiguration;
			buildSettings = {
				ALWAYS_EMBED_SWIFT_STANDARD_LIBRARIES = YES;
				BUNDLE_LOADER = "$(TEST_HOST)";
				CODE_SIGN_STYLE = Automatic;
				CURRENT_PROJECT_VERSION = 1;
				DEVELOPMENT_TEAM = J5JUZGK27U;
				GENERATE_INFOPLIST_FILE = YES;
				IPHONEOS_DEPLOYMENT_TARGET = 17.4;
				MARKETING_VERSION = 1.0;
				PRODUCT_BUNDLE_IDENTIFIER = "com.raynic.justin.justin-ios-clientTests";
				PRODUCT_NAME = "$(TARGET_NAME)";
				SWIFT_EMIT_LOC_STRINGS = NO;
				SWIFT_VERSION = 5.0;
				TARGETED_DEVICE_FAMILY = "1,2";
				TEST_HOST = "$(BUILT_PRODUCTS_DIR)/justin-ios-client.app/$(BUNDLE_EXECUTABLE_FOLDER_PATH)/justin-ios-client";
			};
			name = Debug;
		};
		9B48DC352BC084BE0046AF7A /* Release */ = {
			isa = XCBuildConfiguration;
			buildSettings = {
				ALWAYS_EMBED_SWIFT_STANDARD_LIBRARIES = YES;
				BUNDLE_LOADER = "$(TEST_HOST)";
				CODE_SIGN_STYLE = Automatic;
				CURRENT_PROJECT_VERSION = 1;
				DEVELOPMENT_TEAM = J5JUZGK27U;
				GENERATE_INFOPLIST_FILE = YES;
				IPHONEOS_DEPLOYMENT_TARGET = 17.4;
				MARKETING_VERSION = 1.0;
				PRODUCT_BUNDLE_IDENTIFIER = "com.raynic.justin.justin-ios-clientTests";
				PRODUCT_NAME = "$(TARGET_NAME)";
				SWIFT_EMIT_LOC_STRINGS = NO;
				SWIFT_VERSION = 5.0;
				TARGETED_DEVICE_FAMILY = "1,2";
				TEST_HOST = "$(BUILT_PRODUCTS_DIR)/justin-ios-client.app/$(BUNDLE_EXECUTABLE_FOLDER_PATH)/justin-ios-client";
			};
			name = Release;
		};
		9B48DC372BC084BE0046AF7A /* Debug */ = {
			isa = XCBuildConfiguration;
			buildSettings = {
				ALWAYS_EMBED_SWIFT_STANDARD_LIBRARIES = YES;
				CODE_SIGN_STYLE = Automatic;
				CURRENT_PROJECT_VERSION = 1;
				DEVELOPMENT_TEAM = J5JUZGK27U;
				GENERATE_INFOPLIST_FILE = YES;
				MARKETING_VERSION = 1.0;
				PRODUCT_BUNDLE_IDENTIFIER = "com.raynic.justin.justin-ios-clientUITests";
				PRODUCT_NAME = "$(TARGET_NAME)";
				SWIFT_EMIT_LOC_STRINGS = NO;
				SWIFT_VERSION = 5.0;
				TARGETED_DEVICE_FAMILY = "1,2";
				TEST_TARGET_NAME = "justin-ios-client";
			};
			name = Debug;
		};
		9B48DC382BC084BE0046AF7A /* Release */ = {
			isa = XCBuildConfiguration;
			buildSettings = {
				ALWAYS_EMBED_SWIFT_STANDARD_LIBRARIES = YES;
				CODE_SIGN_STYLE = Automatic;
				CURRENT_PROJECT_VERSION = 1;
				DEVELOPMENT_TEAM = J5JUZGK27U;
				GENERATE_INFOPLIST_FILE = YES;
				MARKETING_VERSION = 1.0;
				PRODUCT_BUNDLE_IDENTIFIER = "com.raynic.justin.justin-ios-clientUITests";
				PRODUCT_NAME = "$(TARGET_NAME)";
				SWIFT_EMIT_LOC_STRINGS = NO;
				SWIFT_VERSION = 5.0;
				TARGETED_DEVICE_FAMILY = "1,2";
				TEST_TARGET_NAME = "justin-ios-client";
			};
			name = Release;
		};
/* End XCBuildConfiguration section */

/* Begin XCConfigurationList section */
		9B48DC072BC084BC0046AF7A /* Build configuration list for PBXProject "justin-ios-client" */ = {
			isa = XCConfigurationList;
			buildConfigurations = (
				9B48DC2E2BC084BE0046AF7A /* Debug */,
				9B48DC2F2BC084BE0046AF7A /* Release */,
			);
			defaultConfigurationIsVisible = 0;
			defaultConfigurationName = Release;
		};
		9B48DC302BC084BE0046AF7A /* Build configuration list for PBXNativeTarget "justin-ios-client" */ = {
			isa = XCConfigurationList;
			buildConfigurations = (
				9B48DC312BC084BE0046AF7A /* Debug */,
				9B48DC322BC084BE0046AF7A /* Release */,
			);
			defaultConfigurationIsVisible = 0;
			defaultConfigurationName = Release;
		};
		9B48DC332BC084BE0046AF7A /* Build configuration list for PBXNativeTarget "justin-ios-clientTests" */ = {
			isa = XCConfigurationList;
			buildConfigurations = (
				9B48DC342BC084BE0046AF7A /* Debug */,
				9B48DC352BC084BE0046AF7A /* Release */,
			);
			defaultConfigurationIsVisible = 0;
			defaultConfigurationName = Release;
		};
		9B48DC362BC084BE0046AF7A /* Build configuration list for PBXNativeTarget "justin-ios-clientUITests" */ = {
			isa = XCConfigurationList;
			buildConfigurations = (
				9B48DC372BC084BE0046AF7A /* Debug */,
				9B48DC382BC084BE0046AF7A /* Release */,
			);
			defaultConfigurationIsVisible = 0;
			defaultConfigurationName = Release;
		};
/* End XCConfigurationList section */
	};
	rootObject = 9B48DC042BC084BC0046AF7A /* Project object */;
}
